
Microsoft Visual Studio Solution File, Format Version 12.00
# Visual Studio Version 17
VisualStudioVersion = 17.7.34031.279
MinimumVisualStudioVersion = 10.0.40219.1
Project("{FAE04EC0-301F-11D3-BF4B-00C04F79EFBC}") = "racu.api", "racu.api\racu.api.csproj", "{6182C1B3-B26A-472D-97DD-754D02F8F66C}"
EndProject
Global
	GlobalSection(SolutionConfigurationPlatforms) = preSolution
		Debug|Any CPU = Debug|Any CPU
		Release|Any CPU = Release|Any CPU
	EndGlobalSection
	GlobalSection(ProjectConfigurationPlatforms) = postSolution
		{6182C1B3-B26A-472D-97DD-754D02F8F66C}.Debug|Any CPU.ActiveCfg = Debug|Any CPU
		{6182C1B3-B26A-472D-97DD-754D02F8F66C}.Debug|Any CPU.Build.0 = Debug|Any CPU
		{6182C1B3-B26A-472D-97DD-754D02F8F66C}.Release|Any CPU.ActiveCfg = Release|Any CPU
		{6182C1B3-B26A-472D-97DD-754D02F8F66C}.Release|Any CPU.Build.0 = Release|Any CPU
	EndGlobalSection
	GlobalSection(SolutionProperties) = preSolution
		HideSolutionNode = FALSE
	EndGlobalSection
	GlobalSection(ExtensibilityGlobals) = postSolution
		SolutionGuid = {ACDEC7DA-C655-4625-AB3A-BEE43E00C694}
	EndGlobalSection
EndGlobal
